
Microsoft Visual Studio Solution File, Format Version 12.00
# Visual Studio Version 16
VisualStudioVersion = 16.0.29609.76
MinimumVisualStudioVersion = 10.0.40219.1
Project("{FAE04EC0-301F-11D3-BF4B-00C04F79EFBC}") = "TfsData", "TfsData\TfsData.csproj", "{F88C7DF3-6632-4FA0-B2B7-67F022A726D2}"
EndProject
Project("{FAE04EC0-301F-11D3-BF4B-00C04F79EFBC}") = "DataModel", "DataModel\DataModel.csproj", "{686C7A00-8AC2-409A-BB85-98B401877AED}"
EndProject
Project("{FAE04EC0-301F-11D3-BF4B-00C04F79EFBC}") = "ReleaseNotesService", "ReleaseNotesService\ReleaseNotesService.csproj", "{461D722E-EB35-4DED-979A-F8E994FCEEA6}"
EndProject
Project("{FAE04EC0-301F-11D3-BF4B-00C04F79EFBC}") = "ReleaseNotesGenerator.CLI", "ReleaseNotesGenerator.CLI\ReleaseNotesGenerator.CLI.csproj", "{9A951F8A-F809-4551-8885-4BBD833CF610}"
EndProject
Global
	GlobalSection(SolutionConfigurationPlatforms) = preSolution
		Debug|Any CPU = Debug|Any CPU
		Release|Any CPU = Release|Any CPU
	EndGlobalSection
	GlobalSection(ProjectConfigurationPlatforms) = postSolution
		{F88C7DF3-6632-4FA0-B2B7-67F022A726D2}.Debug|Any CPU.ActiveCfg = Debug|Any CPU
		{F88C7DF3-6632-4FA0-B2B7-67F022A726D2}.Debug|Any CPU.Build.0 = Debug|Any CPU
		{F88C7DF3-6632-4FA0-B2B7-67F022A726D2}.Release|Any CPU.ActiveCfg = Release|Any CPU
		{F88C7DF3-6632-4FA0-B2B7-67F022A726D2}.Release|Any CPU.Build.0 = Release|Any CPU
		{686C7A00-8AC2-409A-BB85-98B401877AED}.Debug|Any CPU.ActiveCfg = Debug|Any CPU
		{686C7A00-8AC2-409A-BB85-98B401877AED}.Debug|Any CPU.Build.0 = Debug|Any CPU
		{686C7A00-8AC2-409A-BB85-98B401877AED}.Release|Any CPU.ActiveCfg = Release|Any CPU
		{686C7A00-8AC2-409A-BB85-98B401877AED}.Release|Any CPU.Build.0 = Release|Any CPU
		{461D722E-EB35-4DED-979A-F8E994FCEEA6}.Debug|Any CPU.ActiveCfg = Debug|Any CPU
		{461D722E-EB35-4DED-979A-F8E994FCEEA6}.Debug|Any CPU.Build.0 = Debug|Any CPU
		{461D722E-EB35-4DED-979A-F8E994FCEEA6}.Release|Any CPU.ActiveCfg = Release|Any CPU
		{461D722E-EB35-4DED-979A-F8E994FCEEA6}.Release|Any CPU.Build.0 = Release|Any CPU
		{9A951F8A-F809-4551-8885-4BBD833CF610}.Debug|Any CPU.ActiveCfg = Debug|Any CPU
		{9A951F8A-F809-4551-8885-4BBD833CF610}.Debug|Any CPU.Build.0 = Debug|Any CPU
		{9A951F8A-F809-4551-8885-4BBD833CF610}.Release|Any CPU.ActiveCfg = Release|Any CPU
		{9A951F8A-F809-4551-8885-4BBD833CF610}.Release|Any CPU.Build.0 = Release|Any CPU
	EndGlobalSection
	GlobalSection(SolutionProperties) = preSolution
		HideSolutionNode = FALSE
	EndGlobalSection
	GlobalSection(ExtensibilityGlobals) = postSolution
		SolutionGuid = {8834133B-E0D7-4A8F-BF2D-75CCB31A722D}
	EndGlobalSection
EndGlobal
